// !$*UTF8*$!
{
	archiveVersion = 1;
	classes = {
	};
	objectVersion = 56;
	objects = {

/* Begin PBXBuildFile section */
		047CF7312A682C4000F1B93F /* AppDelegate.swift in Sources */ = {isa = PBXBuildFile; fileRef = 047CF7302A682C4000F1B93F /* AppDelegate.swift */; };
		047CF7332A682C4000F1B93F /* SceneDelegate.swift in Sources */ = {isa = PBXBuildFile; fileRef = 047CF7322A682C4000F1B93F /* SceneDelegate.swift */; };
		047CF7382A682C4000F1B93F /* Main.storyboard in Resources */ = {isa = PBXBuildFile; fileRef = 047CF7362A682C4000F1B93F /* Main.storyboard */; };
		047CF73A2A682C4300F1B93F /* Assets.xcassets in Resources */ = {isa = PBXBuildFile; fileRef = 047CF7392A682C4300F1B93F /* Assets.xcassets */; };
		047CF73D2A682C4300F1B93F /* LaunchScreen.storyboard in Resources */ = {isa = PBXBuildFile; fileRef = 047CF73B2A682C4300F1B93F /* LaunchScreen.storyboard */; };
		047CF74F2A682CD100F1B93F /* SettingsViewController.swift in Sources */ = {isa = PBXBuildFile; fileRef = 047CF7482A682CCA00F1B93F /* SettingsViewController.swift */; };
		047CF7502A682CD100F1B93F /* ThirdViewController.swift in Sources */ = {isa = PBXBuildFile; fileRef = 047CF7492A682CCB00F1B93F /* ThirdViewController.swift */; };
		047CF7512A682CD100F1B93F /* StatisticViewController.swift in Sources */ = {isa = PBXBuildFile; fileRef = 047CF74A2A682CCC00F1B93F /* StatisticViewController.swift */; };
		047CF7522A682CD100F1B93F /* TraningViewController.swift in Sources */ = {isa = PBXBuildFile; fileRef = 047CF74B2A682CCD00F1B93F /* TraningViewController.swift */; };
		047CF7532A682CD100F1B93F /* SecondViewController.swift in Sources */ = {isa = PBXBuildFile; fileRef = 047CF74C2A682CCF00F1B93F /* SecondViewController.swift */; };
		047CF7542A682CD100F1B93F /* QuestionViewController.swift in Sources */ = {isa = PBXBuildFile; fileRef = 047CF74D2A682CD000F1B93F /* QuestionViewController.swift */; };
		047CF7552A682CD100F1B93F /* FirstViewController.swift in Sources */ = {isa = PBXBuildFile; fileRef = 047CF74E2A682CD000F1B93F /* FirstViewController.swift */; };
		047CF7592A682CF400F1B93F /* UserModel.swift in Sources */ = {isa = PBXBuildFile; fileRef = 047CF7572A682CF400F1B93F /* UserModel.swift */; };
		047CF75A2A682CF400F1B93F /* UserSettings.swift in Sources */ = {isa = PBXBuildFile; fileRef = 047CF7582A682CF400F1B93F /* UserSettings.swift */; };
		047CF75E2A682D1A00F1B93F /* Model.swift in Sources */ = {isa = PBXBuildFile; fileRef = 047CF75C2A682D1A00F1B93F /* Model.swift */; };
		047CF75F2A682D1A00F1B93F /* NetworkManager.swift in Sources */ = {isa = PBXBuildFile; fileRef = 047CF75D2A682D1A00F1B93F /* NetworkManager.swift */; };
		047CF7622A682D2D00F1B93F /* Timer.swift in Sources */ = {isa = PBXBuildFile; fileRef = 047CF7612A682D2D00F1B93F /* Timer.swift */; };
		047CF7652A6841E700F1B93F /* SDWebImage in Frameworks */ = {isa = PBXBuildFile; productRef = 047CF7642A6841E700F1B93F /* SDWebImage */; };
		047CF7672A6841E800F1B93F /* SDWebImageMapKit in Frameworks */ = {isa = PBXBuildFile; productRef = 047CF7662A6841E800F1B93F /* SDWebImageMapKit */; };
		047CF76A2A68422400F1B93F /* Alamofire in Frameworks */ = {isa = PBXBuildFile; productRef = 047CF7692A68422400F1B93F /* Alamofire */; };
		047CF7732A68831000F1B93F /* NotificationService.swift in Sources */ = {isa = PBXBuildFile; fileRef = 047CF7722A68831000F1B93F /* NotificationService.swift */; };
		047CF7772A68831000F1B93F /* test_oneSignal_notification.appex in Embed Foundation Extensions */ = {isa = PBXBuildFile; fileRef = 047CF7702A68830F00F1B93F /* test_oneSignal_notification.appex */; settings = {ATTRIBUTES = (RemoveHeadersOnCopy, ); }; };
		047CF77E2A6883D900F1B93F /* OneSignal in Frameworks */ = {isa = PBXBuildFile; productRef = 047CF77D2A6883D900F1B93F /* OneSignal */; };
		047CF7802A6883D900F1B93F /* OneSignalExtension in Frameworks */ = {isa = PBXBuildFile; productRef = 047CF77F2A6883D900F1B93F /* OneSignalExtension */; };
/* End PBXBuildFile section */

/* Begin PBXContainerItemProxy section */
		047CF7752A68831000F1B93F /* PBXContainerItemProxy */ = {
			isa = PBXContainerItemProxy;
			containerPortal = 047CF7252A682C4000F1B93F /* Project object */;
			proxyType = 1;
			remoteGlobalIDString = 047CF76F2A68830F00F1B93F;
			remoteInfo = test_oneSignal_notification;
		};
/* End PBXContainerItemProxy section */

/* Begin PBXCopyFilesBuildPhase section */
		047CF77B2A68831100F1B93F /* Embed Foundation Extensions */ = {
			isa = PBXCopyFilesBuildPhase;
			buildActionMask = 2147483647;
			dstPath = "";
			dstSubfolderSpec = 13;
			files = (
				047CF7772A68831000F1B93F /* test_oneSignal_notification.appex in Embed Foundation Extensions */,
			);
			name = "Embed Foundation Extensions";
			runOnlyForDeploymentPostprocessing = 0;
		};
/* End PBXCopyFilesBuildPhase section */

/* Begin PBXFileReference section */
		047CF72D2A682C4000F1B93F /* WinTest.app */ = {isa = PBXFileReference; explicitFileType = wrapper.application; includeInIndex = 0; path = WinTest.app; sourceTree = BUILT_PRODUCTS_DIR; };
		047CF7302A682C4000F1B93F /* AppDelegate.swift */ = {isa = PBXFileReference; lastKnownFileType = sourcecode.swift; path = AppDelegate.swift; sourceTree = "<group>"; };
		047CF7322A682C4000F1B93F /* SceneDelegate.swift */ = {isa = PBXFileReference; lastKnownFileType = sourcecode.swift; path = SceneDelegate.swift; sourceTree = "<group>"; };
		047CF7372A682C4000F1B93F /* Base */ = {isa = PBXFileReference; lastKnownFileType = file.storyboard; name = Base; path = Base.lproj/Main.storyboard; sourceTree = "<group>"; };
		047CF7392A682C4300F1B93F /* Assets.xcassets */ = {isa = PBXFileReference; lastKnownFileType = folder.assetcatalog; path = Assets.xcassets; sourceTree = "<group>"; };
		047CF73C2A682C4300F1B93F /* Base */ = {isa = PBXFileReference; lastKnownFileType = file.storyboard; name = Base; path = Base.lproj/LaunchScreen.storyboard; sourceTree = "<group>"; };
		047CF73E2A682C4300F1B93F /* Info.plist */ = {isa = PBXFileReference; lastKnownFileType = text.plist.xml; path = Info.plist; sourceTree = "<group>"; };
		047CF7482A682CCA00F1B93F /* SettingsViewController.swift */ = {isa = PBXFileReference; fileEncoding = 4; lastKnownFileType = sourcecode.swift; path = SettingsViewController.swift; sourceTree = "<group>"; };
		047CF7492A682CCB00F1B93F /* ThirdViewController.swift */ = {isa = PBXFileReference; fileEncoding = 4; lastKnownFileType = sourcecode.swift; path = ThirdViewController.swift; sourceTree = "<group>"; };
		047CF74A2A682CCC00F1B93F /* StatisticViewController.swift */ = {isa = PBXFileReference; fileEncoding = 4; lastKnownFileType = sourcecode.swift; path = StatisticViewController.swift; sourceTree = "<group>"; };
		047CF74B2A682CCD00F1B93F /* TraningViewController.swift */ = {isa = PBXFileReference; fileEncoding = 4; lastKnownFileType = sourcecode.swift; path = TraningViewController.swift; sourceTree = "<group>"; };
		047CF74C2A682CCF00F1B93F /* SecondViewController.swift */ = {isa = PBXFileReference; fileEncoding = 4; lastKnownFileType = sourcecode.swift; path = SecondViewController.swift; sourceTree = "<group>"; };
		047CF74D2A682CD000F1B93F /* QuestionViewController.swift */ = {isa = PBXFileReference; fileEncoding = 4; lastKnownFileType = sourcecode.swift; path = QuestionViewController.swift; sourceTree = "<group>"; };
		047CF74E2A682CD000F1B93F /* FirstViewController.swift */ = {isa = PBXFileReference; fileEncoding = 4; lastKnownFileType = sourcecode.swift; path = FirstViewController.swift; sourceTree = "<group>"; };
		047CF7572A682CF400F1B93F /* UserModel.swift */ = {isa = PBXFileReference; fileEncoding = 4; lastKnownFileType = sourcecode.swift; path = UserModel.swift; sourceTree = "<group>"; };
		047CF7582A682CF400F1B93F /* UserSettings.swift */ = {isa = PBXFileReference; fileEncoding = 4; lastKnownFileType = sourcecode.swift; path = UserSettings.swift; sourceTree = "<group>"; };
		047CF75C2A682D1A00F1B93F /* Model.swift */ = {isa = PBXFileReference; fileEncoding = 4; lastKnownFileType = sourcecode.swift; path = Model.swift; sourceTree = "<group>"; };
		047CF75D2A682D1A00F1B93F /* NetworkManager.swift */ = {isa = PBXFileReference; fileEncoding = 4; lastKnownFileType = sourcecode.swift; path = NetworkManager.swift; sourceTree = "<group>"; };
		047CF7612A682D2D00F1B93F /* Timer.swift */ = {isa = PBXFileReference; fileEncoding = 4; lastKnownFileType = sourcecode.swift; path = Timer.swift; sourceTree = "<group>"; };
		047CF76B2A687FB000F1B93F /* WinTest.entitlements */ = {isa = PBXFileReference; lastKnownFileType = text.plist.entitlements; path = WinTest.entitlements; sourceTree = "<group>"; };
		047CF7702A68830F00F1B93F /* test_oneSignal_notification.appex */ = {isa = PBXFileReference; explicitFileType = "wrapper.app-extension"; includeInIndex = 0; path = test_oneSignal_notification.appex; sourceTree = BUILT_PRODUCTS_DIR; };
		047CF7722A68831000F1B93F /* NotificationService.swift */ = {isa = PBXFileReference; lastKnownFileType = sourcecode.swift; path = NotificationService.swift; sourceTree = "<group>"; };
		047CF7742A68831000F1B93F /* Info.plist */ = {isa = PBXFileReference; lastKnownFileType = text.plist.xml; path = Info.plist; sourceTree = "<group>"; };
		047CF7812A6885CB00F1B93F /* test_oneSignal_notification.entitlements */ = {isa = PBXFileReference; lastKnownFileType = text.plist.entitlements; path = test_oneSignal_notification.entitlements; sourceTree = "<group>"; };
/* End PBXFileReference section */

/* Begin PBXFrameworksBuildPhase section */
		047CF72A2A682C4000F1B93F /* Frameworks */ = {
			isa = PBXFrameworksBuildPhase;
			buildActionMask = 2147483647;
			files = (
				047CF7802A6883D900F1B93F /* OneSignalExtension in Frameworks */,
				047CF76A2A68422400F1B93F /* Alamofire in Frameworks */,
				047CF77E2A6883D900F1B93F /* OneSignal in Frameworks */,
				047CF7672A6841E800F1B93F /* SDWebImageMapKit in Frameworks */,
				047CF7652A6841E700F1B93F /* SDWebImage in Frameworks */,
			);
			runOnlyForDeploymentPostprocessing = 0;
		};
		047CF76D2A68830F00F1B93F /* Frameworks */ = {
			isa = PBXFrameworksBuildPhase;
			buildActionMask = 2147483647;
			files = (
			);
			runOnlyForDeploymentPostprocessing = 0;
		};
/* End PBXFrameworksBuildPhase section */

/* Begin PBXGroup section */
		047CF7242A682C4000F1B93F = {
			isa = PBXGroup;
			children = (
				047CF72F2A682C4000F1B93F /* WinTest */,
				047CF7712A68831000F1B93F /* test_oneSignal_notification */,
				047CF72E2A682C4000F1B93F /* Products */,
			);
			sourceTree = "<group>";
		};
		047CF72E2A682C4000F1B93F /* Products */ = {
			isa = PBXGroup;
			children = (
				047CF72D2A682C4000F1B93F /* WinTest.app */,
				047CF7702A68830F00F1B93F /* test_oneSignal_notification.appex */,
			);
			name = Products;
			sourceTree = "<group>";
		};
		047CF72F2A682C4000F1B93F /* WinTest */ = {
			isa = PBXGroup;
			children = (
				047CF76B2A687FB000F1B93F /* WinTest.entitlements */,
				047CF7602A682D1E00F1B93F /* Timer */,
				047CF75B2A682D0100F1B93F /* NetworkService */,
				047CF7562A682CE700F1B93F /* User */,
				047CF7472A682CAB00F1B93F /* Controllers */,
				047CF7302A682C4000F1B93F /* AppDelegate.swift */,
				047CF7322A682C4000F1B93F /* SceneDelegate.swift */,
				047CF7362A682C4000F1B93F /* Main.storyboard */,
				047CF7392A682C4300F1B93F /* Assets.xcassets */,
				047CF73B2A682C4300F1B93F /* LaunchScreen.storyboard */,
				047CF73E2A682C4300F1B93F /* Info.plist */,
			);
			path = WinTest;
			sourceTree = "<group>";
		};
		047CF7472A682CAB00F1B93F /* Controllers */ = {
			isa = PBXGroup;
			children = (
				047CF74E2A682CD000F1B93F /* FirstViewController.swift */,
				047CF74C2A682CCF00F1B93F /* SecondViewController.swift */,
				047CF7492A682CCB00F1B93F /* ThirdViewController.swift */,
				047CF74D2A682CD000F1B93F /* QuestionViewController.swift */,
				047CF7482A682CCA00F1B93F /* SettingsViewController.swift */,
				047CF74A2A682CCC00F1B93F /* StatisticViewController.swift */,
				047CF74B2A682CCD00F1B93F /* TraningViewController.swift */,
			);
			path = Controllers;
			sourceTree = "<group>";
		};
		047CF7562A682CE700F1B93F /* User */ = {
			isa = PBXGroup;
			children = (
				047CF7572A682CF400F1B93F /* UserModel.swift */,
				047CF7582A682CF400F1B93F /* UserSettings.swift */,
			);
			path = User;
			sourceTree = "<group>";
		};
		047CF75B2A682D0100F1B93F /* NetworkService */ = {
			isa = PBXGroup;
			children = (
				047CF75C2A682D1A00F1B93F /* Model.swift */,
				047CF75D2A682D1A00F1B93F /* NetworkManager.swift */,
			);
			path = NetworkService;
			sourceTree = "<group>";
		};
		047CF7602A682D1E00F1B93F /* Timer */ = {
			isa = PBXGroup;
			children = (
				047CF7612A682D2D00F1B93F /* Timer.swift */,
			);
			path = Timer;
			sourceTree = "<group>";
		};
		047CF7712A68831000F1B93F /* test_oneSignal_notification */ = {
			isa = PBXGroup;
			children = (
				047CF7812A6885CB00F1B93F /* test_oneSignal_notification.entitlements */,
				047CF7722A68831000F1B93F /* NotificationService.swift */,
				047CF7742A68831000F1B93F /* Info.plist */,
			);
			path = test_oneSignal_notification;
			sourceTree = "<group>";
		};
/* End PBXGroup section */

/* Begin PBXNativeTarget section */
		047CF72C2A682C4000F1B93F /* WinTest */ = {
			isa = PBXNativeTarget;
			buildConfigurationList = 047CF7412A682C4300F1B93F /* Build configuration list for PBXNativeTarget "WinTest" */;
			buildPhases = (
				047CF7292A682C4000F1B93F /* Sources */,
				047CF72A2A682C4000F1B93F /* Frameworks */,
				047CF72B2A682C4000F1B93F /* Resources */,
				047CF77B2A68831100F1B93F /* Embed Foundation Extensions */,
			);
			buildRules = (
			);
			dependencies = (
				047CF7762A68831000F1B93F /* PBXTargetDependency */,
			);
			name = WinTest;
			packageProductDependencies = (
				047CF7642A6841E700F1B93F /* SDWebImage */,
				047CF7662A6841E800F1B93F /* SDWebImageMapKit */,
				047CF7692A68422400F1B93F /* Alamofire */,
				047CF77D2A6883D900F1B93F /* OneSignal */,
				047CF77F2A6883D900F1B93F /* OneSignalExtension */,
			);
			productName = WinTest;
			productReference = 047CF72D2A682C4000F1B93F /* WinTest.app */;
			productType = "com.apple.product-type.application";
		};
		047CF76F2A68830F00F1B93F /* test_oneSignal_notification */ = {
			isa = PBXNativeTarget;
			buildConfigurationList = 047CF7782A68831100F1B93F /* Build configuration list for PBXNativeTarget "test_oneSignal_notification" */;
			buildPhases = (
				047CF76C2A68830F00F1B93F /* Sources */,
				047CF76D2A68830F00F1B93F /* Frameworks */,
				047CF76E2A68830F00F1B93F /* Resources */,
			);
			buildRules = (
			);
			dependencies = (
			);
			name = test_oneSignal_notification;
			productName = test_oneSignal_notification;
			productReference = 047CF7702A68830F00F1B93F /* test_oneSignal_notification.appex */;
			productType = "com.apple.product-type.app-extension";
		};
/* End PBXNativeTarget section */

/* Begin PBXProject section */
		047CF7252A682C4000F1B93F /* Project object */ = {
			isa = PBXProject;
			attributes = {
				BuildIndependentTargetsInParallel = 1;
				LastSwiftUpdateCheck = 1430;
				LastUpgradeCheck = 1430;
				TargetAttributes = {
					047CF72C2A682C4000F1B93F = {
						CreatedOnToolsVersion = 14.3;
					};
					047CF76F2A68830F00F1B93F = {
						CreatedOnToolsVersion = 14.3;
					};
				};
			};
			buildConfigurationList = 047CF7282A682C4000F1B93F /* Build configuration list for PBXProject "WinTest" */;
			compatibilityVersion = "Xcode 14.0";
			developmentRegion = en;
			hasScannedForEncodings = 0;
			knownRegions = (
				en,
				Base,
			);
			mainGroup = 047CF7242A682C4000F1B93F;
			packageReferences = (
				047CF7632A6841E700F1B93F /* XCRemoteSwiftPackageReference "SDWebImage" */,
				047CF7682A68422400F1B93F /* XCRemoteSwiftPackageReference "Alamofire" */,
				047CF77C2A6883D800F1B93F /* XCRemoteSwiftPackageReference "OneSignal-XCFramework" */,
			);
			productRefGroup = 047CF72E2A682C4000F1B93F /* Products */;
			projectDirPath = "";
			projectRoot = "";
			targets = (
				047CF72C2A682C4000F1B93F /* WinTest */,
				047CF76F2A68830F00F1B93F /* test_oneSignal_notification */,
			);
		};
/* End PBXProject section */

/* Begin PBXResourcesBuildPhase section */
		047CF72B2A682C4000F1B93F /* Resources */ = {
			isa = PBXResourcesBuildPhase;
			buildActionMask = 2147483647;
			files = (
				047CF73D2A682C4300F1B93F /* LaunchScreen.storyboard in Resources */,
				047CF73A2A682C4300F1B93F /* Assets.xcassets in Resources */,
				047CF7382A682C4000F1B93F /* Main.storyboard in Resources */,
			);
			runOnlyForDeploymentPostprocessing = 0;
		};
		047CF76E2A68830F00F1B93F /* Resources */ = {
			isa = PBXResourcesBuildPhase;
			buildActionMask = 2147483647;
			files = (
			);
			runOnlyForDeploymentPostprocessing = 0;
		};
/* End PBXResourcesBuildPhase section */

/* Begin PBXSourcesBuildPhase section */
		047CF7292A682C4000F1B93F /* Sources */ = {
			isa = PBXSourcesBuildPhase;
			buildActionMask = 2147483647;
			files = (
				047CF7552A682CD100F1B93F /* FirstViewController.swift in Sources */,
				047CF7522A682CD100F1B93F /* TraningViewController.swift in Sources */,
				047CF7312A682C4000F1B93F /* AppDelegate.swift in Sources */,
				047CF75F2A682D1A00F1B93F /* NetworkManager.swift in Sources */,
				047CF75E2A682D1A00F1B93F /* Model.swift in Sources */,
				047CF7332A682C4000F1B93F /* SceneDelegate.swift in Sources */,
				047CF7502A682CD100F1B93F /* ThirdViewController.swift in Sources */,
				047CF7532A682CD100F1B93F /* SecondViewController.swift in Sources */,
				047CF7512A682CD100F1B93F /* StatisticViewController.swift in Sources */,
				047CF7622A682D2D00F1B93F /* Timer.swift in Sources */,
				047CF7542A682CD100F1B93F /* QuestionViewController.swift in Sources */,
				047CF7592A682CF400F1B93F /* UserModel.swift in Sources */,
				047CF74F2A682CD100F1B93F /* SettingsViewController.swift in Sources */,
				047CF75A2A682CF400F1B93F /* UserSettings.swift in Sources */,
			);
			runOnlyForDeploymentPostprocessing = 0;
		};
		047CF76C2A68830F00F1B93F /* Sources */ = {
			isa = PBXSourcesBuildPhase;
			buildActionMask = 2147483647;
			files = (
				047CF7732A68831000F1B93F /* NotificationService.swift in Sources */,
			);
			runOnlyForDeploymentPostprocessing = 0;
		};
/* End PBXSourcesBuildPhase section */

/* Begin PBXTargetDependency section */
		047CF7762A68831000F1B93F /* PBXTargetDependency */ = {
			isa = PBXTargetDependency;
			target = 047CF76F2A68830F00F1B93F /* test_oneSignal_notification */;
			targetProxy = 047CF7752A68831000F1B93F /* PBXContainerItemProxy */;
		};
/* End PBXTargetDependency section */

/* Begin PBXVariantGroup section */
		047CF7362A682C4000F1B93F /* Main.storyboard */ = {
			isa = PBXVariantGroup;
			children = (
				047CF7372A682C4000F1B93F /* Base */,
			);
			name = Main.storyboard;
			sourceTree = "<group>";
		};
		047CF73B2A682C4300F1B93F /* LaunchScreen.storyboard */ = {
			isa = PBXVariantGroup;
			children = (
				047CF73C2A682C4300F1B93F /* Base */,
			);
			name = LaunchScreen.storyboard;
			sourceTree = "<group>";
		};
/* End PBXVariantGroup section */

/* Begin XCBuildConfiguration section */
		047CF73F2A682C4300F1B93F /* Debug */ = {
			isa = XCBuildConfiguration;
			buildSettings = {
				ALWAYS_SEARCH_USER_PATHS = NO;
				CLANG_ANALYZER_NONNULL = YES;
				CLANG_ANALYZER_NUMBER_OBJECT_CONVERSION = YES_AGGRESSIVE;
				CLANG_CXX_LANGUAGE_STANDARD = "gnu++20";
				CLANG_ENABLE_MODULES = YES;
				CLANG_ENABLE_OBJC_ARC = YES;
				CLANG_ENABLE_OBJC_WEAK = YES;
				CLANG_WARN_BLOCK_CAPTURE_AUTORELEASING = YES;
				CLANG_WARN_BOOL_CONVERSION = YES;
				CLANG_WARN_COMMA = YES;
				CLANG_WARN_CONSTANT_CONVERSION = YES;
				CLANG_WARN_DEPRECATED_OBJC_IMPLEMENTATIONS = YES;
				CLANG_WARN_DIRECT_OBJC_ISA_USAGE = YES_ERROR;
				CLANG_WARN_DOCUMENTATION_COMMENTS = YES;
				CLANG_WARN_EMPTY_BODY = YES;
				CLANG_WARN_ENUM_CONVERSION = YES;
				CLANG_WARN_INFINITE_RECURSION = YES;
				CLANG_WARN_INT_CONVERSION = YES;
				CLANG_WARN_NON_LITERAL_NULL_CONVERSION = YES;
				CLANG_WARN_OBJC_IMPLICIT_RETAIN_SELF = YES;
				CLANG_WARN_OBJC_LITERAL_CONVERSION = YES;
				CLANG_WARN_OBJC_ROOT_CLASS = YES_ERROR;
				CLANG_WARN_QUOTED_INCLUDE_IN_FRAMEWORK_HEADER = YES;
				CLANG_WARN_RANGE_LOOP_ANALYSIS = YES;
				CLANG_WARN_STRICT_PROTOTYPES = YES;
				CLANG_WARN_SUSPICIOUS_MOVE = YES;
				CLANG_WARN_UNGUARDED_AVAILABILITY = YES_AGGRESSIVE;
				CLANG_WARN_UNREACHABLE_CODE = YES;
				CLANG_WARN__DUPLICATE_METHOD_MATCH = YES;
				COPY_PHASE_STRIP = NO;
				DEBUG_INFORMATION_FORMAT = dwarf;
				ENABLE_STRICT_OBJC_MSGSEND = YES;
				ENABLE_TESTABILITY = YES;
				GCC_C_LANGUAGE_STANDARD = gnu11;
				GCC_DYNAMIC_NO_PIC = NO;
				GCC_NO_COMMON_BLOCKS = YES;
				GCC_OPTIMIZATION_LEVEL = 0;
				GCC_PREPROCESSOR_DEFINITIONS = (
					"DEBUG=1",
					"$(inherited)",
				);
				GCC_WARN_64_TO_32_BIT_CONVERSION = YES;
				GCC_WARN_ABOUT_RETURN_TYPE = YES_ERROR;
				GCC_WARN_UNDECLARED_SELECTOR = YES;
				GCC_WARN_UNINITIALIZED_AUTOS = YES_AGGRESSIVE;
				GCC_WARN_UNUSED_FUNCTION = YES;
				GCC_WARN_UNUSED_VARIABLE = YES;
				IPHONEOS_DEPLOYMENT_TARGET = 16.4;
				MTL_ENABLE_DEBUG_INFO = INCLUDE_SOURCE;
				MTL_FAST_MATH = YES;
				ONLY_ACTIVE_ARCH = YES;
				SDKROOT = iphoneos;
				SWIFT_ACTIVE_COMPILATION_CONDITIONS = DEBUG;
				SWIFT_OPTIMIZATION_LEVEL = "-Onone";
			};
			name = Debug;
		};
		047CF7402A682C4300F1B93F /* Release */ = {
			isa = XCBuildConfiguration;
			buildSettings = {
				ALWAYS_SEARCH_USER_PATHS = NO;
				CLANG_ANALYZER_NONNULL = YES;
				CLANG_ANALYZER_NUMBER_OBJECT_CONVERSION = YES_AGGRESSIVE;
				CLANG_CXX_LANGUAGE_STANDARD = "gnu++20";
				CLANG_ENABLE_MODULES = YES;
				CLANG_ENABLE_OBJC_ARC = YES;
				CLANG_ENABLE_OBJC_WEAK = YES;
				CLANG_WARN_BLOCK_CAPTURE_AUTORELEASING = YES;
				CLANG_WARN_BOOL_CONVERSION = YES;
				CLANG_WARN_COMMA = YES;
				CLANG_WARN_CONSTANT_CONVERSION = YES;
				CLANG_WARN_DEPRECATED_OBJC_IMPLEMENTATIONS = YES;
				CLANG_WARN_DIRECT_OBJC_ISA_USAGE = YES_ERROR;
				CLANG_WARN_DOCUMENTATION_COMMENTS = YES;
				CLANG_WARN_EMPTY_BODY = YES;
				CLANG_WARN_ENUM_CONVERSION = YES;
				CLANG_WARN_INFINITE_RECURSION = YES;
				CLANG_WARN_INT_CONVERSION = YES;
				CLANG_WARN_NON_LITERAL_NULL_CONVERSION = YES;
				CLANG_WARN_OBJC_IMPLICIT_RETAIN_SELF = YES;
				CLANG_WARN_OBJC_LITERAL_CONVERSION = YES;
				CLANG_WARN_OBJC_ROOT_CLASS = YES_ERROR;
				CLANG_WARN_QUOTED_INCLUDE_IN_FRAMEWORK_HEADER = YES;
				CLANG_WARN_RANGE_LOOP_ANALYSIS = YES;
				CLANG_WARN_STRICT_PROTOTYPES = YES;
				CLANG_WARN_SUSPICIOUS_MOVE = YES;
				CLANG_WARN_UNGUARDED_AVAILABILITY = YES_AGGRESSIVE;
				CLANG_WARN_UNREACHABLE_CODE = YES;
				CLANG_WARN__DUPLICATE_METHOD_MATCH = YES;
				COPY_PHASE_STRIP = NO;
				DEBUG_INFORMATION_FORMAT = "dwarf-with-dsym";
				ENABLE_NS_ASSERTIONS = NO;
				ENABLE_STRICT_OBJC_MSGSEND = YES;
				GCC_C_LANGUAGE_STANDARD = gnu11;
				GCC_NO_COMMON_BLOCKS = YES;
				GCC_WARN_64_TO_32_BIT_CONVERSION = YES;
				GCC_WARN_ABOUT_RETURN_TYPE = YES_ERROR;
				GCC_WARN_UNDECLARED_SELECTOR = YES;
				GCC_WARN_UNINITIALIZED_AUTOS = YES_AGGRESSIVE;
				GCC_WARN_UNUSED_FUNCTION = YES;
				GCC_WARN_UNUSED_VARIABLE = YES;
				IPHONEOS_DEPLOYMENT_TARGET = 16.4;
				MTL_ENABLE_DEBUG_INFO = NO;
				MTL_FAST_MATH = YES;
				SDKROOT = iphoneos;
				SWIFT_COMPILATION_MODE = wholemodule;
				SWIFT_OPTIMIZATION_LEVEL = "-O";
				VALIDATE_PRODUCT = YES;
			};
			name = Release;
		};
		047CF7422A682C4300F1B93F /* Debug */ = {
			isa = XCBuildConfiguration;
			buildSettings = {
				ALWAYS_EMBED_SWIFT_STANDARD_LIBRARIES = YES;
				ASSETCATALOG_COMPILER_APPICON_NAME = AppIcon;
				ASSETCATALOG_COMPILER_GLOBAL_ACCENT_COLOR_NAME = AccentColor;
				CODE_SIGN_ENTITLEMENTS = WinTest/WinTest.entitlements;
				CODE_SIGN_STYLE = Manual;
				CURRENT_PROJECT_VERSION = 1;
				DEVELOPMENT_TEAM = "";
				GENERATE_INFOPLIST_FILE = YES;
				INFOPLIST_FILE = WinTest/Info.plist;
				INFOPLIST_KEY_UIApplicationSupportsIndirectInputEvents = YES;
				INFOPLIST_KEY_UILaunchStoryboardName = LaunchScreen;
				INFOPLIST_KEY_UIMainStoryboardFile = Main;
				INFOPLIST_KEY_UISupportedInterfaceOrientations_iPad = "UIInterfaceOrientationPortrait UIInterfaceOrientationPortraitUpsideDown UIInterfaceOrientationLandscapeLeft UIInterfaceOrientationLandscapeRight";
				INFOPLIST_KEY_UISupportedInterfaceOrientations_iPhone = "UIInterfaceOrientationPortrait UIInterfaceOrientationLandscapeLeft UIInterfaceOrientationLandscapeRight";
				LD_RUNPATH_SEARCH_PATHS = (
					"$(inherited)",
					"@executable_path/Frameworks",
				);
				MARKETING_VERSION = 1.0;
				PRODUCT_BUNDLE_IDENTIFIER = AleksandrKorotkov.WinTest;
				PRODUCT_NAME = "$(TARGET_NAME)";
				PROVISIONING_PROFILE_SPECIFIER = "";
				SUPPORTED_PLATFORMS = "iphoneos iphonesimulator";
				SUPPORTS_MACCATALYST = NO;
				SUPPORTS_MAC_DESIGNED_FOR_IPHONE_IPAD = NO;
				SWIFT_EMIT_LOC_STRINGS = YES;
				SWIFT_VERSION = 5.0;
				TARGETED_DEVICE_FAMILY = 1;
			};
			name = Debug;
		};
		047CF7432A682C4300F1B93F /* Release */ = {
			isa = XCBuildConfiguration;
			buildSettings = {
				ALWAYS_EMBED_SWIFT_STANDARD_LIBRARIES = YES;
				ASSETCATALOG_COMPILER_APPICON_NAME = AppIcon;
				ASSETCATALOG_COMPILER_GLOBAL_ACCENT_COLOR_NAME = AccentColor;
				CODE_SIGN_ENTITLEMENTS = WinTest/WinTest.entitlements;
				CODE_SIGN_STYLE = Manual;
				CURRENT_PROJECT_VERSION = 1;
				DEVELOPMENT_TEAM = "";
				GENERATE_INFOPLIST_FILE = YES;
				INFOPLIST_FILE = WinTest/Info.plist;
				INFOPLIST_KEY_UIApplicationSupportsIndirectInputEvents = YES;
				INFOPLIST_KEY_UILaunchStoryboardName = LaunchScreen;
				INFOPLIST_KEY_UIMainStoryboardFile = Main;
				INFOPLIST_KEY_UISupportedInterfaceOrientations_iPad = "UIInterfaceOrientationPortrait UIInterfaceOrientationPortraitUpsideDown UIInterfaceOrientationLandscapeLeft UIInterfaceOrientationLandscapeRight";
				INFOPLIST_KEY_UISupportedInterfaceOrientations_iPhone = "UIInterfaceOrientationPortrait UIInterfaceOrientationLandscapeLeft UIInterfaceOrientationLandscapeRight";
				LD_RUNPATH_SEARCH_PATHS = (
					"$(inherited)",
					"@executable_path/Frameworks",
				);
				MARKETING_VERSION = 1.0;
				PRODUCT_BUNDLE_IDENTIFIER = AleksandrKorotkov.WinTest;
				PRODUCT_NAME = "$(TARGET_NAME)";
				PROVISIONING_PROFILE_SPECIFIER = "";
				SUPPORTED_PLATFORMS = "iphoneos iphonesimulator";
				SUPPORTS_MACCATALYST = NO;
				SUPPORTS_MAC_DESIGNED_FOR_IPHONE_IPAD = NO;
				SWIFT_EMIT_LOC_STRINGS = YES;
				SWIFT_VERSION = 5.0;
				TARGETED_DEVICE_FAMILY = 1;
			};
			name = Release;
		};
		047CF7792A68831100F1B93F /* Debug */ = {
			isa = XCBuildConfiguration;
			buildSettings = {
				CODE_SIGN_ENTITLEMENTS = test_oneSignal_notification/test_oneSignal_notification.entitlements;
				CODE_SIGN_STYLE = Automatic;
				CURRENT_PROJECT_VERSION = 1;
				DEVELOPMENT_TEAM = 779ZY47A99;
				GENERATE_INFOPLIST_FILE = YES;
				INFOPLIST_FILE = test_oneSignal_notification/Info.plist;
				INFOPLIST_KEY_CFBundleDisplayName = test_oneSignal_notification;
				INFOPLIST_KEY_NSHumanReadableCopyright = "";
				LD_RUNPATH_SEARCH_PATHS = (
					"$(inherited)",
					"@executable_path/Frameworks",
					"@executable_path/../../Frameworks",
				);
				MARKETING_VERSION = 1.0;
				PRODUCT_BUNDLE_IDENTIFIER = "AleksandrKorotkov.WinTest.test-oneSignal-notification";
				PRODUCT_NAME = "$(TARGET_NAME)";
				SKIP_INSTALL = YES;
				SWIFT_EMIT_LOC_STRINGS = YES;
				SWIFT_VERSION = 5.0;
				TARGETED_DEVICE_FAMILY = "1,2";
			};
			name = Debug;
		};
		047CF77A2A68831100F1B93F /* Release */ = {
			isa = XCBuildConfiguration;
			buildSettings = {
				CODE_SIGN_ENTITLEMENTS = test_oneSignal_notification/test_oneSignal_notification.entitlements;
				CODE_SIGN_STYLE = Automatic;
				CURRENT_PROJECT_VERSION = 1;
				DEVELOPMENT_TEAM = 779ZY47A99;
				GENERATE_INFOPLIST_FILE = YES;
				INFOPLIST_FILE = test_oneSignal_notification/Info.plist;
				INFOPLIST_KEY_CFBundleDisplayName = test_oneSignal_notification;
				INFOPLIST_KEY_NSHumanReadableCopyright = "";
				LD_RUNPATH_SEARCH_PATHS = (
					"$(inherited)",
					"@executable_path/Frameworks",
					"@executable_path/../../Frameworks",
				);
				MARKETING_VERSION = 1.0;
				PRODUCT_BUNDLE_IDENTIFIER = "AleksandrKorotkov.WinTest.test-oneSignal-notification";
				PRODUCT_NAME = "$(TARGET_NAME)";
				SKIP_INSTALL = YES;
				SWIFT_EMIT_LOC_STRINGS = YES;
				SWIFT_VERSION = 5.0;
				TARGETED_DEVICE_FAMILY = "1,2";
			};
			name = Release;
		};
/* End XCBuildConfiguration section */

/* Begin XCConfigurationList section */
		047CF7282A682C4000F1B93F /* Build configuration list for PBXProject "WinTest" */ = {
			isa = XCConfigurationList;
			buildConfigurations = (
				047CF73F2A682C4300F1B93F /* Debug */,
				047CF7402A682C4300F1B93F /* Release */,
			);
			defaultConfigurationIsVisible = 0;
			defaultConfigurationName = Release;
		};
		047CF7412A682C4300F1B93F /* Build configuration list for PBXNativeTarget "WinTest" */ = {
			isa = XCConfigurationList;
			buildConfigurations = (
				047CF7422A682C4300F1B93F /* Debug */,
				047CF7432A682C4300F1B93F /* Release */,
			);
			defaultConfigurationIsVisible = 0;
			defaultConfigurationName = Release;
		};
		047CF7782A68831100F1B93F /* Build configuration list for PBXNativeTarget "test_oneSignal_notification" */ = {
			isa = XCConfigurationList;
			buildConfigurations = (
				047CF7792A68831100F1B93F /* Debug */,
				047CF77A2A68831100F1B93F /* Release */,
			);
			defaultConfigurationIsVisible = 0;
			defaultConfigurationName = Release;
		};
/* End XCConfigurationList section */

/* Begin XCRemoteSwiftPackageReference section */
		047CF7632A6841E700F1B93F /* XCRemoteSwiftPackageReference "SDWebImage" */ = {
			isa = XCRemoteSwiftPackageReference;
			repositoryURL = "https://github.com/SDWebImage/SDWebImage";
			requirement = {
				kind = upToNextMajorVersion;
				minimumVersion = 5.0.0;
			};
		};
		047CF7682A68422400F1B93F /* XCRemoteSwiftPackageReference "Alamofire" */ = {
			isa = XCRemoteSwiftPackageReference;
			repositoryURL = "https://github.com/Alamofire/Alamofire";
			requirement = {
				kind = upToNextMajorVersion;
				minimumVersion = 5.0.0;
			};
		};
		047CF77C2A6883D800F1B93F /* XCRemoteSwiftPackageReference "OneSignal-XCFramework" */ = {
			isa = XCRemoteSwiftPackageReference;
			repositoryURL = "https://github.com/OneSignal/OneSignal-XCFramework";
			requirement = {
				kind = upToNextMajorVersion;
				minimumVersion = 3.0.0;
			};
		};
/* End XCRemoteSwiftPackageReference section */

/* Begin XCSwiftPackageProductDependency section */
		047CF7642A6841E700F1B93F /* SDWebImage */ = {
			isa = XCSwiftPackageProductDependency;
			package = 047CF7632A6841E700F1B93F /* XCRemoteSwiftPackageReference "SDWebImage" */;
			productName = SDWebImage;
		};
		047CF7662A6841E800F1B93F /* SDWebImageMapKit */ = {
			isa = XCSwiftPackageProductDependency;
			package = 047CF7632A6841E700F1B93F /* XCRemoteSwiftPackageReference "SDWebImage" */;
			productName = SDWebImageMapKit;
		};
		047CF7692A68422400F1B93F /* Alamofire */ = {
			isa = XCSwiftPackageProductDependency;
			package = 047CF7682A68422400F1B93F /* XCRemoteSwiftPackageReference "Alamofire" */;
			productName = Alamofire;
		};
		047CF77D2A6883D900F1B93F /* OneSignal */ = {
			isa = XCSwiftPackageProductDependency;
			package = 047CF77C2A6883D800F1B93F /* XCRemoteSwiftPackageReference "OneSignal-XCFramework" */;
			productName = OneSignal;
		};
		047CF77F2A6883D900F1B93F /* OneSignalExtension */ = {
			isa = XCSwiftPackageProductDependency;
			package = 047CF77C2A6883D800F1B93F /* XCRemoteSwiftPackageReference "OneSignal-XCFramework" */;
			productName = OneSignalExtension;
		};
/* End XCSwiftPackageProductDependency section */
	};
	rootObject = 047CF7252A682C4000F1B93F /* Project object */;
}
